
Microsoft Visual Studio Solution File, Format Version 12.00
# Visual Studio 15
VisualStudioVersion = 15.0.26403.7
MinimumVisualStudioVersion = 10.0.40219.1
Project("{FAE04EC0-301F-11D3-BF4B-00C04F79EFBC}") = "TwitterScraper", "TwitterScraper\TwitterScraper.csproj", "{CFC84F41-0313-4FD8-B5C4-8063F2BE097A}"
EndProject
Global
	GlobalSection(SolutionConfigurationPlatforms) = preSolution
		Debug|Any CPU = Debug|Any CPU
		Release|Any CPU = Release|Any CPU
	EndGlobalSection
	GlobalSection(ProjectConfigurationPlatforms) = postSolution
		{CFC84F41-0313-4FD8-B5C4-8063F2BE097A}.Debug|Any CPU.ActiveCfg = Debug|Any CPU
		{CFC84F41-0313-4FD8-B5C4-8063F2BE097A}.Debug|Any CPU.Build.0 = Debug|Any CPU
		{CFC84F41-0313-4FD8-B5C4-8063F2BE097A}.Release|Any CPU.ActiveCfg = Release|Any CPU
		{CFC84F41-0313-4FD8-B5C4-8063F2BE097A}.Release|Any CPU.Build.0 = Release|Any CPU
	EndGlobalSection
	GlobalSection(SolutionProperties) = preSolution
		HideSolutionNode = FALSE
	EndGlobalSection
EndGlobal
